// !$*UTF8*$!
{
	archiveVersion = 1;
	classes = {
	};
	objectVersion = 46;
	objects = {

/* Begin PBXBuildFile section */
		C24D6F8D1A9E138300078D4A /* AppDelegate.swift in Sources */ = {isa = PBXBuildFile; fileRef = C24D6F8C1A9E138300078D4A /* AppDelegate.swift */; };
		C24D6F8F1A9E138300078D4A /* MasterViewController.swift in Sources */ = {isa = PBXBuildFile; fileRef = C24D6F8E1A9E138300078D4A /* MasterViewController.swift */; };
		C24D6F911A9E138300078D4A /* DetailViewController.swift in Sources */ = {isa = PBXBuildFile; fileRef = C24D6F901A9E138300078D4A /* DetailViewController.swift */; };
		C24D6F941A9E138300078D4A /* Main.storyboard in Resources */ = {isa = PBXBuildFile; fileRef = C24D6F921A9E138300078D4A /* Main.storyboard */; };
		C24D6F961A9E138300078D4A /* Images.xcassets in Resources */ = {isa = PBXBuildFile; fileRef = C24D6F951A9E138300078D4A /* Images.xcassets */; };
		C24D6F991A9E138300078D4A /* LaunchScreen.xib in Resources */ = {isa = PBXBuildFile; fileRef = C24D6F971A9E138300078D4A /* LaunchScreen.xib */; };
		C24D6FA51A9E138400078D4A /* WebViewExamplesTests.swift in Sources */ = {isa = PBXBuildFile; fileRef = C24D6FA41A9E138400078D4A /* WebViewExamplesTests.swift */; };
		C2A0DA981A9E1FDB008683B2 /* hello.html in Resources */ = {isa = PBXBuildFile; fileRef = C2A0DA971A9E1FDB008683B2 /* hello.html */; };
/* End PBXBuildFile section */

/* Begin PBXContainerItemProxy section */
		C24D6F9F1A9E138400078D4A /* PBXContainerItemProxy */ = {
			isa = PBXContainerItemProxy;
			containerPortal = C24D6F7F1A9E138300078D4A /* Project object */;
			proxyType = 1;
			remoteGlobalIDString = C24D6F861A9E138300078D4A;
			remoteInfo = WebViewExamples;
		};
/* End PBXContainerItemProxy section */

/* Begin PBXFileReference section */
		C24D6F871A9E138300078D4A /* WebViewExamples.app */ = {isa = PBXFileReference; explicitFileType = wrapper.application; includeInIndex = 0; path = WebViewExamples.app; sourceTree = BUILT_PRODUCTS_DIR; };
		C24D6F8B1A9E138300078D4A /* Info.plist */ = {isa = PBXFileReference; lastKnownFileType = text.plist.xml; path = Info.plist; sourceTree = "<group>"; };
		C24D6F8C1A9E138300078D4A /* AppDelegate.swift */ = {isa = PBXFileReference; lastKnownFileType = sourcecode.swift; path = AppDelegate.swift; sourceTree = "<group>"; };
		C24D6F8E1A9E138300078D4A /* MasterViewController.swift */ = {isa = PBXFileReference; lastKnownFileType = sourcecode.swift; path = MasterViewController.swift; sourceTree = "<group>"; };
		C24D6F901A9E138300078D4A /* DetailViewController.swift */ = {isa = PBXFileReference; lastKnownFileType = sourcecode.swift; path = DetailViewController.swift; sourceTree = "<group>"; };
		C24D6F931A9E138300078D4A /* Base */ = {isa = PBXFileReference; lastKnownFileType = file.storyboard; name = Base; path = Base.lproj/Main.storyboard; sourceTree = "<group>"; };
		C24D6F951A9E138300078D4A /* Images.xcassets */ = {isa = PBXFileReference; lastKnownFileType = folder.assetcatalog; path = Images.xcassets; sourceTree = "<group>"; };
		C24D6F981A9E138300078D4A /* Base */ = {isa = PBXFileReference; lastKnownFileType = file.xib; name = Base; path = Base.lproj/LaunchScreen.xib; sourceTree = "<group>"; };
		C24D6F9E1A9E138400078D4A /* WebViewExamplesTests.xctest */ = {isa = PBXFileReference; explicitFileType = wrapper.cfbundle; includeInIndex = 0; path = WebViewExamplesTests.xctest; sourceTree = BUILT_PRODUCTS_DIR; };
		C24D6FA31A9E138400078D4A /* Info.plist */ = {isa = PBXFileReference; lastKnownFileType = text.plist.xml; path = Info.plist; sourceTree = "<group>"; };
		C24D6FA41A9E138400078D4A /* WebViewExamplesTests.swift */ = {isa = PBXFileReference; lastKnownFileType = sourcecode.swift; path = WebViewExamplesTests.swift; sourceTree = "<group>"; };
		C2A0DA971A9E1FDB008683B2 /* hello.html */ = {isa = PBXFileReference; fileEncoding = 4; lastKnownFileType = text.html; path = hello.html; sourceTree = "<group>"; };
/* End PBXFileReference section */

/* Begin PBXFrameworksBuildPhase section */
		C24D6F841A9E138300078D4A /* Frameworks */ = {
			isa = PBXFrameworksBuildPhase;
			buildActionMask = 2147483647;
			files = (
			);
			runOnlyForDeploymentPostprocessing = 0;
		};
		C24D6F9B1A9E138400078D4A /* Frameworks */ = {
			isa = PBXFrameworksBuildPhase;
			buildActionMask = 2147483647;
			files = (
			);
			runOnlyForDeploymentPostprocessing = 0;
		};
/* End PBXFrameworksBuildPhase section */

/* Begin PBXGroup section */
		C24D6F7E1A9E138300078D4A = {
			isa = PBXGroup;
			children = (
				C24D6F891A9E138300078D4A /* WebViewExamples */,
				C24D6FA11A9E138400078D4A /* WebViewExamplesTests */,
				C24D6F881A9E138300078D4A /* Products */,
			);
			sourceTree = "<group>";
		};
		C24D6F881A9E138300078D4A /* Products */ = {
			isa = PBXGroup;
			children = (
				C24D6F871A9E138300078D4A /* WebViewExamples.app */,
				C24D6F9E1A9E138400078D4A /* WebViewExamplesTests.xctest */,
			);
			name = Products;
			sourceTree = "<group>";
		};
		C24D6F891A9E138300078D4A /* WebViewExamples */ = {
			isa = PBXGroup;
			children = (
				C24D6F8C1A9E138300078D4A /* AppDelegate.swift */,
				C24D6F8E1A9E138300078D4A /* MasterViewController.swift */,
				C24D6F901A9E138300078D4A /* DetailViewController.swift */,
				C24D6F921A9E138300078D4A /* Main.storyboard */,
				C24D6F951A9E138300078D4A /* Images.xcassets */,
				C24D6F971A9E138300078D4A /* LaunchScreen.xib */,
				C24D6F8A1A9E138300078D4A /* Supporting Files */,
				C2A0DA971A9E1FDB008683B2 /* hello.html */,
			);
			path = WebViewExamples;
			sourceTree = "<group>";
		};
		C24D6F8A1A9E138300078D4A /* Supporting Files */ = {
			isa = PBXGroup;
			children = (
				C24D6F8B1A9E138300078D4A /* Info.plist */,
			);
			name = "Supporting Files";
			sourceTree = "<group>";
		};
		C24D6FA11A9E138400078D4A /* WebViewExamplesTests */ = {
			isa = PBXGroup;
			children = (
				C24D6FA41A9E138400078D4A /* WebViewExamplesTests.swift */,
				C24D6FA21A9E138400078D4A /* Supporting Files */,
			);
			path = WebViewExamplesTests;
			sourceTree = "<group>";
		};
		C24D6FA21A9E138400078D4A /* Supporting Files */ = {
			isa = PBXGroup;
			children = (
				C24D6FA31A9E138400078D4A /* Info.plist */,
			);
			name = "Supporting Files";
			sourceTree = "<group>";
		};
/* End PBXGroup section */

/* Begin PBXNativeTarget section */
		C24D6F861A9E138300078D4A /* WebViewExamples */ = {
			isa = PBXNativeTarget;
			buildConfigurationList = C24D6FA81A9E138400078D4A /* Build configuration list for PBXNativeTarget "WebViewExamples" */;
			buildPhases = (
				C24D6F831A9E138300078D4A /* Sources */,
				C24D6F841A9E138300078D4A /* Frameworks */,
				C24D6F851A9E138300078D4A /* Resources */,
			);
			buildRules = (
			);
			dependencies = (
			);
			name = WebViewExamples;
			productName = WebViewExamples;
			productReference = C24D6F871A9E138300078D4A /* WebViewExamples.app */;
			productType = "com.apple.product-type.application";
		};
		C24D6F9D1A9E138400078D4A /* WebViewExamplesTests */ = {
			isa = PBXNativeTarget;
			buildConfigurationList = C24D6FAB1A9E138400078D4A /* Build configuration list for PBXNativeTarget "WebViewExamplesTests" */;
			buildPhases = (
				C24D6F9A1A9E138400078D4A /* Sources */,
				C24D6F9B1A9E138400078D4A /* Frameworks */,
				C24D6F9C1A9E138400078D4A /* Resources */,
			);
			buildRules = (
			);
			dependencies = (
				C24D6FA01A9E138400078D4A /* PBXTargetDependency */,
			);
			name = WebViewExamplesTests;
			productName = WebViewExamplesTests;
			productReference = C24D6F9E1A9E138400078D4A /* WebViewExamplesTests.xctest */;
			productType = "com.apple.product-type.bundle.unit-test";
		};
/* End PBXNativeTarget section */

/* Begin PBXProject section */
		C24D6F7F1A9E138300078D4A /* Project object */ = {
			isa = PBXProject;
			attributes = {
				LastUpgradeCheck = 0610;
				ORGANIZATIONNAME = AarinSmith;
				TargetAttributes = {
					C24D6F861A9E138300078D4A = {
						CreatedOnToolsVersion = 6.1.1;
					};
					C24D6F9D1A9E138400078D4A = {
						CreatedOnToolsVersion = 6.1.1;
						TestTargetID = C24D6F861A9E138300078D4A;
					};
				};
			};
			buildConfigurationList = C24D6F821A9E138300078D4A /* Build configuration list for PBXProject "WebViewExamples" */;
			compatibilityVersion = "Xcode 3.2";
			developmentRegion = English;
			hasScannedForEncodings = 0;
			knownRegions = (
				en,
				Base,
			);
			mainGroup = C24D6F7E1A9E138300078D4A;
			productRefGroup = C24D6F881A9E138300078D4A /* Products */;
			projectDirPath = "";
			projectRoot = "";
			targets = (
				C24D6F861A9E138300078D4A /* WebViewExamples */,
				C24D6F9D1A9E138400078D4A /* WebViewExamplesTests */,
			);
		};
/* End PBXProject section */

/* Begin PBXResourcesBuildPhase section */
		C24D6F851A9E138300078D4A /* Resources */ = {
			isa = PBXResourcesBuildPhase;
			buildActionMask = 2147483647;
			files = (
				C24D6F941A9E138300078D4A /* Main.storyboard in Resources */,
				C2A0DA981A9E1FDB008683B2 /* hello.html in Resources */,
				C24D6F991A9E138300078D4A /* LaunchScreen.xib in Resources */,
				C24D6F961A9E138300078D4A /* Images.xcassets in Resources */,
			);
			runOnlyForDeploymentPostprocessing = 0;
		};
		C24D6F9C1A9E138400078D4A /* Resources */ = {
			isa = PBXResourcesBuildPhase;
			buildActionMask = 2147483647;
			files = (
			);
			runOnlyForDeploymentPostprocessing = 0;
		};
/* End PBXResourcesBuildPhase section */

/* Begin PBXSourcesBuildPhase section */
		C24D6F831A9E138300078D4A /* Sources */ = {
			isa = PBXSourcesBuildPhase;
			buildActionMask = 2147483647;
			files = (
				C24D6F911A9E138300078D4A /* DetailViewController.swift in Sources */,
				C24D6F8F1A9E138300078D4A /* MasterViewController.swift in Sources */,
				C24D6F8D1A9E138300078D4A /* AppDelegate.swift in Sources */,
			);
			runOnlyForDeploymentPostprocessing = 0;
		};
		C24D6F9A1A9E138400078D4A /* Sources */ = {
			isa = PBXSourcesBuildPhase;
			buildActionMask = 2147483647;
			files = (
				C24D6FA51A9E138400078D4A /* WebViewExamplesTests.swift in Sources */,
			);
			runOnlyForDeploymentPostprocessing = 0;
		};
/* End PBXSourcesBuildPhase section */

/* Begin PBXTargetDependency section */
		C24D6FA01A9E138400078D4A /* PBXTargetDependency */ = {
			isa = PBXTargetDependency;
			target = C24D6F861A9E138300078D4A /* WebViewExamples */;
			targetProxy = C24D6F9F1A9E138400078D4A /* PBXContainerItemProxy */;
		};
/* End PBXTargetDependency section */

/* Begin PBXVariantGroup section */
		C24D6F921A9E138300078D4A /* Main.storyboard */ = {
			isa = PBXVariantGroup;
			children = (
				C24D6F931A9E138300078D4A /* Base */,
			);
			name = Main.storyboard;
			sourceTree = "<group>";
		};
		C24D6F971A9E138300078D4A /* LaunchScreen.xib */ = {
			isa = PBXVariantGroup;
			children = (
				C24D6F981A9E138300078D4A /* Base */,
			);
			name = LaunchScreen.xib;
			sourceTree = "<group>";
		};
/* End PBXVariantGroup section */

/* Begin XCBuildConfiguration section */
		C24D6FA61A9E138400078D4A /* Debug */ = {
			isa = XCBuildConfiguration;
			buildSettings = {
				ALWAYS_SEARCH_USER_PATHS = NO;
				CLANG_CXX_LANGUAGE_STANDARD = "gnu++0x";
				CLANG_CXX_LIBRARY = "libc++";
				CLANG_ENABLE_MODULES = YES;
				CLANG_ENABLE_OBJC_ARC = YES;
				CLANG_WARN_BOOL_CONVERSION = YES;
				CLANG_WARN_CONSTANT_CONVERSION = YES;
				CLANG_WARN_DIRECT_OBJC_ISA_USAGE = YES_ERROR;
				CLANG_WARN_EMPTY_BODY = YES;
				CLANG_WARN_ENUM_CONVERSION = YES;
				CLANG_WARN_INT_CONVERSION = YES;
				CLANG_WARN_OBJC_ROOT_CLASS = YES_ERROR;
				CLANG_WARN_UNREACHABLE_CODE = YES;
				CLANG_WARN__DUPLICATE_METHOD_MATCH = YES;
				"CODE_SIGN_IDENTITY[sdk=iphoneos*]" = "iPhone Developer";
				COPY_PHASE_STRIP = NO;
				ENABLE_STRICT_OBJC_MSGSEND = YES;
				GCC_C_LANGUAGE_STANDARD = gnu99;
				GCC_DYNAMIC_NO_PIC = NO;
				GCC_OPTIMIZATION_LEVEL = 0;
				GCC_PREPROCESSOR_DEFINITIONS = (
					"DEBUG=1",
					"$(inherited)",
				);
				GCC_SYMBOLS_PRIVATE_EXTERN = NO;
				GCC_WARN_64_TO_32_BIT_CONVERSION = YES;
				GCC_WARN_ABOUT_RETURN_TYPE = YES_ERROR;
				GCC_WARN_UNDECLARED_SELECTOR = YES;
				GCC_WARN_UNINITIALIZED_AUTOS = YES_AGGRESSIVE;
				GCC_WARN_UNUSED_FUNCTION = YES;
				GCC_WARN_UNUSED_VARIABLE = YES;
				IPHONEOS_DEPLOYMENT_TARGET = 8.1;
				MTL_ENABLE_DEBUG_INFO = YES;
				ONLY_ACTIVE_ARCH = YES;
				SDKROOT = iphoneos;
				SWIFT_OPTIMIZATION_LEVEL = "-Onone";
				TARGETED_DEVICE_FAMILY = "1,2";
			};
			name = Debug;
		};
		C24D6FA71A9E138400078D4A /* Release */ = {
			isa = XCBuildConfiguration;
			buildSettings = {
				ALWAYS_SEARCH_USER_PATHS = NO;
				CLANG_CXX_LANGUAGE_STANDARD = "gnu++0x";
				CLANG_CXX_LIBRARY = "libc++";
				CLANG_ENABLE_MODULES = YES;
				CLANG_ENABLE_OBJC_ARC = YES;
				CLANG_WARN_BOOL_CONVERSION = YES;
				CLANG_WARN_CONSTANT_CONVERSION = YES;
				CLANG_WARN_DIRECT_OBJC_ISA_USAGE = YES_ERROR;
				CLANG_WARN_EMPTY_BODY = YES;
				CLANG_WARN_ENUM_CONVERSION = YES;
				CLANG_WARN_INT_CONVERSION = YES;
				CLANG_WARN_OBJC_ROOT_CLASS = YES_ERROR;
				CLANG_WARN_UNREACHABLE_CODE = YES;
				CLANG_WARN__DUPLICATE_METHOD_MATCH = YES;
				"CODE_SIGN_IDENTITY[sdk=iphoneos*]" = "iPhone Developer";
				COPY_PHASE_STRIP = YES;
				ENABLE_NS_ASSERTIONS = NO;
				ENABLE_STRICT_OBJC_MSGSEND = YES;
				GCC_C_LANGUAGE_STANDARD = gnu99;
				GCC_WARN_64_TO_32_BIT_CONVERSION = YES;
				GCC_WARN_ABOUT_RETURN_TYPE = YES_ERROR;
				GCC_WARN_UNDECLARED_SELECTOR = YES;
				GCC_WARN_UNINITIALIZED_AUTOS = YES_AGGRESSIVE;
				GCC_WARN_UNUSED_FUNCTION = YES;
				GCC_WARN_UNUSED_VARIABLE = YES;
				IPHONEOS_DEPLOYMENT_TARGET = 8.1;
				MTL_ENABLE_DEBUG_INFO = NO;
				SDKROOT = iphoneos;
				TARGETED_DEVICE_FAMILY = "1,2";
				VALIDATE_PRODUCT = YES;
			};
			name = Release;
		};
		C24D6FA91A9E138400078D4A /* Debug */ = {
			isa = XCBuildConfiguration;
			buildSettings = {
				ASSETCATALOG_COMPILER_APPICON_NAME = AppIcon;
				INFOPLIST_FILE = WebViewExamples/Info.plist;
				LD_RUNPATH_SEARCH_PATHS = "$(inherited) @executable_path/Frameworks";
				PRODUCT_NAME = "$(TARGET_NAME)";
			};
			name = Debug;
		};
		C24D6FAA1A9E138400078D4A /* Release */ = {
			isa = XCBuildConfiguration;
			buildSettings = {
				ASSETCATALOG_COMPILER_APPICON_NAME = AppIcon;
				INFOPLIST_FILE = WebViewExamples/Info.plist;
				LD_RUNPATH_SEARCH_PATHS = "$(inherited) @executable_path/Frameworks";
				PRODUCT_NAME = "$(TARGET_NAME)";
			};
			name = Release;
		};
		C24D6FAC1A9E138400078D4A /* Debug */ = {
			isa = XCBuildConfiguration;
			buildSettings = {
				BUNDLE_LOADER = "$(TEST_HOST)";
				FRAMEWORK_SEARCH_PATHS = (
					"$(SDKROOT)/Developer/Library/Frameworks",
					"$(inherited)",
				);
				GCC_PREPROCESSOR_DEFINITIONS = (
					"DEBUG=1",
					"$(inherited)",
				);
				INFOPLIST_FILE = WebViewExamplesTests/Info.plist;
				LD_RUNPATH_SEARCH_PATHS = "$(inherited) @executable_path/Frameworks @loader_path/Frameworks";
				PRODUCT_NAME = "$(TARGET_NAME)";
				TEST_HOST = "$(BUILT_PRODUCTS_DIR)/WebViewExamples.app/WebViewExamples";
			};
			name = Debug;
		};
		C24D6FAD1A9E138400078D4A /* Release */ = {
			isa = XCBuildConfiguration;
			buildSettings = {
				BUNDLE_LOADER = "$(TEST_HOST)";
				FRAMEWORK_SEARCH_PATHS = (
					"$(SDKROOT)/Developer/Library/Frameworks",
					"$(inherited)",
				);
				INFOPLIST_FILE = WebViewExamplesTests/Info.plist;
				LD_RUNPATH_SEARCH_PATHS = "$(inherited) @executable_path/Frameworks @loader_path/Frameworks";
				PRODUCT_NAME = "$(TARGET_NAME)";
				TEST_HOST = "$(BUILT_PRODUCTS_DIR)/WebViewExamples.app/WebViewExamples";
			};
			name = Release;
		};
/* End XCBuildConfiguration section */

/* Begin XCConfigurationList section */
		C24D6F821A9E138300078D4A /* Build configuration list for PBXProject "WebViewExamples" */ = {
			isa = XCConfigurationList;
			buildConfigurations = (
				C24D6FA61A9E138400078D4A /* Debug */,
				C24D6FA71A9E138400078D4A /* Release */,
			);
			defaultConfigurationIsVisible = 0;
			defaultConfigurationName = Release;
		};
		C24D6FA81A9E138400078D4A /* Build configuration list for PBXNativeTarget "WebViewExamples" */ = {
			isa = XCConfigurationList;
			buildConfigurations = (
				C24D6FA91A9E138400078D4A /* Debug */,
				C24D6FAA1A9E138400078D4A /* Release */,
			);
			defaultConfigurationIsVisible = 0;
			defaultConfigurationName = Release;
		};
		C24D6FAB1A9E138400078D4A /* Build configuration list for PBXNativeTarget "WebViewExamplesTests" */ = {
			isa = XCConfigurationList;
			buildConfigurations = (
				C24D6FAC1A9E138400078D4A /* Debug */,
				C24D6FAD1A9E138400078D4A /* Release */,
			);
			defaultConfigurationIsVisible = 0;
			defaultConfigurationName = Release;
		};
/* End XCConfigurationList section */
	};
	rootObject = C24D6F7F1A9E138300078D4A /* Project object */;
}
